
Microsoft Visual Studio Solution File, Format Version 12.00
# Visual Studio Version 16
VisualStudioVersion = 16.0.31515.178
MinimumVisualStudioVersion = 10.0.40219.1
Project("{9A19103F-16F7-4668-BE54-9A1E7A4F7556}") = "CursoMVC", "CursoMVC.csproj", "{CC48DE13-0F30-4515-8EC8-CC60BD3A5D52}"
EndProject
Project("{FAE04EC0-301F-11D3-BF4B-00C04F79EFBC}") = "CursoAPI", "..\CursoAPI\CursoAPI.csproj", "{67B5FDE3-3E63-4262-A322-6C031469DE97}"
EndProject
Global
	GlobalSection(SolutionConfigurationPlatforms) = preSolution
		Debug|Any CPU = Debug|Any CPU
		Release|Any CPU = Release|Any CPU
	EndGlobalSection
	GlobalSection(ProjectConfigurationPlatforms) = postSolution
		{CC48DE13-0F30-4515-8EC8-CC60BD3A5D52}.Debug|Any CPU.ActiveCfg = Debug|Any CPU
		{CC48DE13-0F30-4515-8EC8-CC60BD3A5D52}.Debug|Any CPU.Build.0 = Debug|Any CPU
		{CC48DE13-0F30-4515-8EC8-CC60BD3A5D52}.Release|Any CPU.ActiveCfg = Release|Any CPU
		{CC48DE13-0F30-4515-8EC8-CC60BD3A5D52}.Release|Any CPU.Build.0 = Release|Any CPU
		{67B5FDE3-3E63-4262-A322-6C031469DE97}.Debug|Any CPU.ActiveCfg = Debug|Any CPU
		{67B5FDE3-3E63-4262-A322-6C031469DE97}.Debug|Any CPU.Build.0 = Debug|Any CPU
		{67B5FDE3-3E63-4262-A322-6C031469DE97}.Release|Any CPU.ActiveCfg = Release|Any CPU
		{67B5FDE3-3E63-4262-A322-6C031469DE97}.Release|Any CPU.Build.0 = Release|Any CPU
	EndGlobalSection
	GlobalSection(SolutionProperties) = preSolution
		HideSolutionNode = FALSE
	EndGlobalSection
	GlobalSection(ExtensibilityGlobals) = postSolution
		SolutionGuid = {484158C8-3FB8-43D3-A1A0-13190C26B8DD}
	EndGlobalSection
EndGlobal
